// !$*UTF8*$!
{
	archiveVersion = 1;
	classes = {
	};
	objectVersion = 46;
	objects = {

/* Begin PBXBuildFile section */
		C65C77791810B21D00290B1F /* Foundation.framework in Frameworks */ = {isa = PBXBuildFile; fileRef = C65C77781810B21D00290B1F /* Foundation.framework */; };
		C65C777B1810B21D00290B1F /* CoreGraphics.framework in Frameworks */ = {isa = PBXBuildFile; fileRef = C65C777A1810B21D00290B1F /* CoreGraphics.framework */; };
		C65C777D1810B21D00290B1F /* UIKit.framework in Frameworks */ = {isa = PBXBuildFile; fileRef = C65C777C1810B21D00290B1F /* UIKit.framework */; };
		C65C77831810B21D00290B1F /* InfoPlist.strings in Resources */ = {isa = PBXBuildFile; fileRef = C65C77811810B21D00290B1F /* InfoPlist.strings */; };
		C65C77851810B21D00290B1F /* main.m in Sources */ = {isa = PBXBuildFile; fileRef = C65C77841810B21D00290B1F /* main.m */; };
		C65C77891810B21D00290B1F /* SWAppDelegate.m in Sources */ = {isa = PBXBuildFile; fileRef = C65C77881810B21D00290B1F /* SWAppDelegate.m */; };
		C65C778C1810B21D00290B1F /* Main.storyboard in Resources */ = {isa = PBXBuildFile; fileRef = C65C778A1810B21D00290B1F /* Main.storyboard */; };
		C65C778F1810B21D00290B1F /* SWViewController.m in Sources */ = {isa = PBXBuildFile; fileRef = C65C778E1810B21D00290B1F /* SWViewController.m */; };
		C65C77911810B21D00290B1F /* Images.xcassets in Resources */ = {isa = PBXBuildFile; fileRef = C65C77901810B21D00290B1F /* Images.xcassets */; };
		C65C77981810B21D00290B1F /* XCTest.framework in Frameworks */ = {isa = PBXBuildFile; fileRef = C65C77971810B21D00290B1F /* XCTest.framework */; };
		C65C77991810B21D00290B1F /* Foundation.framework in Frameworks */ = {isa = PBXBuildFile; fileRef = C65C77781810B21D00290B1F /* Foundation.framework */; };
		C65C779A1810B21D00290B1F /* UIKit.framework in Frameworks */ = {isa = PBXBuildFile; fileRef = C65C777C1810B21D00290B1F /* UIKit.framework */; };
		C65C77A21810B21D00290B1F /* InfoPlist.strings in Resources */ = {isa = PBXBuildFile; fileRef = C65C77A01810B21D00290B1F /* InfoPlist.strings */; };
		C65C77A41810B21D00290B1F /* Git_TestTests.m in Sources */ = {isa = PBXBuildFile; fileRef = C65C77A31810B21D00290B1F /* Git_TestTests.m */; };
/* End PBXBuildFile section */

/* Begin PBXContainerItemProxy section */
		C65C779B1810B21D00290B1F /* PBXContainerItemProxy */ = {
			isa = PBXContainerItemProxy;
			containerPortal = C65C776D1810B21D00290B1F /* Project object */;
			proxyType = 1;
			remoteGlobalIDString = C65C77741810B21D00290B1F;
			remoteInfo = "Git Test";
		};
/* End PBXContainerItemProxy section */

/* Begin PBXFileReference section */
		C65C77751810B21D00290B1F /* Git Test.app */ = {isa = PBXFileReference; explicitFileType = wrapper.application; includeInIndex = 0; path = "Git Test.app"; sourceTree = BUILT_PRODUCTS_DIR; };
		C65C77781810B21D00290B1F /* Foundation.framework */ = {isa = PBXFileReference; lastKnownFileType = wrapper.framework; name = Foundation.framework; path = System/Library/Frameworks/Foundation.framework; sourceTree = SDKROOT; };
		C65C777A1810B21D00290B1F /* CoreGraphics.framework */ = {isa = PBXFileReference; lastKnownFileType = wrapper.framework; name = CoreGraphics.framework; path = System/Library/Frameworks/CoreGraphics.framework; sourceTree = SDKROOT; };
		C65C777C1810B21D00290B1F /* UIKit.framework */ = {isa = PBXFileReference; lastKnownFileType = wrapper.framework; name = UIKit.framework; path = System/Library/Frameworks/UIKit.framework; sourceTree = SDKROOT; };
		C65C77801810B21D00290B1F /* Git Test-Info.plist */ = {isa = PBXFileReference; lastKnownFileType = text.plist.xml; path = "Git Test-Info.plist"; sourceTree = "<group>"; };
		C65C77821810B21D00290B1F /* en */ = {isa = PBXFileReference; lastKnownFileType = text.plist.strings; name = en; path = en.lproj/InfoPlist.strings; sourceTree = "<group>"; };
		C65C77841810B21D00290B1F /* main.m */ = {isa = PBXFileReference; lastKnownFileType = sourcecode.c.objc; path = main.m; sourceTree = "<group>"; };
		C65C77861810B21D00290B1F /* Git Test-Prefix.pch */ = {isa = PBXFileReference; lastKnownFileType = sourcecode.c.h; path = "Git Test-Prefix.pch"; sourceTree = "<group>"; };
		C65C77871810B21D00290B1F /* SWAppDelegate.h */ = {isa = PBXFileReference; lastKnownFileType = sourcecode.c.h; path = SWAppDelegate.h; sourceTree = "<group>"; };
		C65C77881810B21D00290B1F /* SWAppDelegate.m */ = {isa = PBXFileReference; lastKnownFileType = sourcecode.c.objc; path = SWAppDelegate.m; sourceTree = "<group>"; };
		C65C778B1810B21D00290B1F /* Base */ = {isa = PBXFileReference; lastKnownFileType = file.storyboard; name = Base; path = Base.lproj/Main.storyboard; sourceTree = "<group>"; };
		C65C778D1810B21D00290B1F /* SWViewController.h */ = {isa = PBXFileReference; lastKnownFileType = sourcecode.c.h; path = SWViewController.h; sourceTree = "<group>"; };
		C65C778E1810B21D00290B1F /* SWViewController.m */ = {isa = PBXFileReference; lastKnownFileType = sourcecode.c.objc; path = SWViewController.m; sourceTree = "<group>"; };
		C65C77901810B21D00290B1F /* Images.xcassets */ = {isa = PBXFileReference; lastKnownFileType = folder.assetcatalog; path = Images.xcassets; sourceTree = "<group>"; };
		C65C77961810B21D00290B1F /* Git TestTests.xctest */ = {isa = PBXFileReference; explicitFileType = wrapper.cfbundle; includeInIndex = 0; path = "Git TestTests.xctest"; sourceTree = BUILT_PRODUCTS_DIR; };
		C65C77971810B21D00290B1F /* XCTest.framework */ = {isa = PBXFileReference; lastKnownFileType = wrapper.framework; name = XCTest.framework; path = Library/Frameworks/XCTest.framework; sourceTree = DEVELOPER_DIR; };
		C65C779F1810B21D00290B1F /* Git TestTests-Info.plist */ = {isa = PBXFileReference; lastKnownFileType = text.plist.xml; path = "Git TestTests-Info.plist"; sourceTree = "<group>"; };
		C65C77A11810B21D00290B1F /* en */ = {isa = PBXFileReference; lastKnownFileType = text.plist.strings; name = en; path = en.lproj/InfoPlist.strings; sourceTree = "<group>"; };
		C65C77A31810B21D00290B1F /* Git_TestTests.m */ = {isa = PBXFileReference; lastKnownFileType = sourcecode.c.objc; path = Git_TestTests.m; sourceTree = "<group>"; };
/* End PBXFileReference section */

/* Begin PBXFrameworksBuildPhase section */
		C65C77721810B21D00290B1F /* Frameworks */ = {
			isa = PBXFrameworksBuildPhase;
			buildActionMask = 2147483647;
			files = (
				C65C777B1810B21D00290B1F /* CoreGraphics.framework in Frameworks */,
				C65C777D1810B21D00290B1F /* UIKit.framework in Frameworks */,
				C65C77791810B21D00290B1F /* Foundation.framework in Frameworks */,
			);
			runOnlyForDeploymentPostprocessing = 0;
		};
		C65C77931810B21D00290B1F /* Frameworks */ = {
			isa = PBXFrameworksBuildPhase;
			buildActionMask = 2147483647;
			files = (
				C65C77981810B21D00290B1F /* XCTest.framework in Frameworks */,
				C65C779A1810B21D00290B1F /* UIKit.framework in Frameworks */,
				C65C77991810B21D00290B1F /* Foundation.framework in Frameworks */,
			);
			runOnlyForDeploymentPostprocessing = 0;
		};
/* End PBXFrameworksBuildPhase section */

/* Begin PBXGroup section */
		C65C776C1810B21D00290B1F = {
			isa = PBXGroup;
			children = (
				C65C777E1810B21D00290B1F /* Git Test */,
				C65C779D1810B21D00290B1F /* Git TestTests */,
				C65C77771810B21D00290B1F /* Frameworks */,
				C65C77761810B21D00290B1F /* Products */,
			);
			sourceTree = "<group>";
		};
		C65C77761810B21D00290B1F /* Products */ = {
			isa = PBXGroup;
			children = (
				C65C77751810B21D00290B1F /* Git Test.app */,
				C65C77961810B21D00290B1F /* Git TestTests.xctest */,
			);
			name = Products;
			sourceTree = "<group>";
		};
		C65C77771810B21D00290B1F /* Frameworks */ = {
			isa = PBXGroup;
			children = (
				C65C77781810B21D00290B1F /* Foundation.framework */,
				C65C777A1810B21D00290B1F /* CoreGraphics.framework */,
				C65C777C1810B21D00290B1F /* UIKit.framework */,
				C65C77971810B21D00290B1F /* XCTest.framework */,
			);
			name = Frameworks;
			sourceTree = "<group>";
		};
		C65C777E1810B21D00290B1F /* Git Test */ = {
			isa = PBXGroup;
			children = (
				C65C77871810B21D00290B1F /* SWAppDelegate.h */,
				C65C77881810B21D00290B1F /* SWAppDelegate.m */,
				C65C778A1810B21D00290B1F /* Main.storyboard */,
				C65C778D1810B21D00290B1F /* SWViewController.h */,
				C65C778E1810B21D00290B1F /* SWViewController.m */,
				C65C77901810B21D00290B1F /* Images.xcassets */,
				C65C777F1810B21D00290B1F /* Supporting Files */,
			);
			path = "Git Test";
			sourceTree = "<group>";
		};
		C65C777F1810B21D00290B1F /* Supporting Files */ = {
			isa = PBXGroup;
			children = (
				C65C77801810B21D00290B1F /* Git Test-Info.plist */,
				C65C77811810B21D00290B1F /* InfoPlist.strings */,
				C65C77841810B21D00290B1F /* main.m */,
				C65C77861810B21D00290B1F /* Git Test-Prefix.pch */,
			);
			name = "Supporting Files";
			sourceTree = "<group>";
		};
		C65C779D1810B21D00290B1F /* Git TestTests */ = {
			isa = PBXGroup;
			children = (
				C65C77A31810B21D00290B1F /* Git_TestTests.m */,
				C65C779E1810B21D00290B1F /* Supporting Files */,
			);
			path = "Git TestTests";
			sourceTree = "<group>";
		};
		C65C779E1810B21D00290B1F /* Supporting Files */ = {
			isa = PBXGroup;
			children = (
				C65C779F1810B21D00290B1F /* Git TestTests-Info.plist */,
				C65C77A01810B21D00290B1F /* InfoPlist.strings */,
			);
			name = "Supporting Files";
			sourceTree = "<group>";
		};
/* End PBXGroup section */

/* Begin PBXNativeTarget section */
		C65C77741810B21D00290B1F /* Git Test */ = {
			isa = PBXNativeTarget;
			buildConfigurationList = C65C77A71810B21D00290B1F /* Build configuration list for PBXNativeTarget "Git Test" */;
			buildPhases = (
				C65C77711810B21D00290B1F /* Sources */,
				C65C77721810B21D00290B1F /* Frameworks */,
				C65C77731810B21D00290B1F /* Resources */,
			);
			buildRules = (
			);
			dependencies = (
			);
			name = "Git Test";
			productName = "Git Test";
			productReference = C65C77751810B21D00290B1F /* Git Test.app */;
			productType = "com.apple.product-type.application";
		};
		C65C77951810B21D00290B1F /* Git TestTests */ = {
			isa = PBXNativeTarget;
			buildConfigurationList = C65C77AA1810B21D00290B1F /* Build configuration list for PBXNativeTarget "Git TestTests" */;
			buildPhases = (
				C65C77921810B21D00290B1F /* Sources */,
				C65C77931810B21D00290B1F /* Frameworks */,
				C65C77941810B21D00290B1F /* Resources */,
			);
			buildRules = (
			);
			dependencies = (
				C65C779C1810B21D00290B1F /* PBXTargetDependency */,
			);
			name = "Git TestTests";
			productName = "Git TestTests";
			productReference = C65C77961810B21D00290B1F /* Git TestTests.xctest */;
			productType = "com.apple.product-type.bundle.unit-test";
		};
/* End PBXNativeTarget section */

/* Begin PBXProject section */
		C65C776D1810B21D00290B1F /* Project object */ = {
			isa = PBXProject;
			attributes = {
				CLASSPREFIX = SW;
				LastUpgradeCheck = 0500;
				ORGANIZATIONNAME = "Shannon Wynn";
				TargetAttributes = {
					C65C77951810B21D00290B1F = {
						TestTargetID = C65C77741810B21D00290B1F;
					};
				};
			};
			buildConfigurationList = C65C77701810B21D00290B1F /* Build configuration list for PBXProject "Git Test" */;
			compatibilityVersion = "Xcode 3.2";
			developmentRegion = English;
			hasScannedForEncodings = 0;
			knownRegions = (
				en,
				Base,
			);
			mainGroup = C65C776C1810B21D00290B1F;
			productRefGroup = C65C77761810B21D00290B1F /* Products */;
			projectDirPath = "";
			projectRoot = "";
			targets = (
				C65C77741810B21D00290B1F /* Git Test */,
				C65C77951810B21D00290B1F /* Git TestTests */,
			);
		};
/* End PBXProject section */

/* Begin PBXResourcesBuildPhase section */
		C65C77731810B21D00290B1F /* Resources */ = {
			isa = PBXResourcesBuildPhase;
			buildActionMask = 2147483647;
			files = (
				C65C77911810B21D00290B1F /* Images.xcassets in Resources */,
				C65C77831810B21D00290B1F /* InfoPlist.strings in Resources */,
				C65C778C1810B21D00290B1F /* Main.storyboard in Resources */,
			);
			runOnlyForDeploymentPostprocessing = 0;
		};
		C65C77941810B21D00290B1F /* Resources */ = {
			isa = PBXResourcesBuildPhase;
			buildActionMask = 2147483647;
			files = (
				C65C77A21810B21D00290B1F /* InfoPlist.strings in Resources */,
			);
			runOnlyForDeploymentPostprocessing = 0;
		};
/* End PBXResourcesBuildPhase section */

/* Begin PBXSourcesBuildPhase section */
		C65C77711810B21D00290B1F /* Sources */ = {
			isa = PBXSourcesBuildPhase;
			buildActionMask = 2147483647;
			files = (
				C65C778F1810B21D00290B1F /* SWViewController.m in Sources */,
				C65C77891810B21D00290B1F /* SWAppDelegate.m in Sources */,
				C65C77851810B21D00290B1F /* main.m in Sources */,
			);
			runOnlyForDeploymentPostprocessing = 0;
		};
		C65C77921810B21D00290B1F /* Sources */ = {
			isa = PBXSourcesBuildPhase;
			buildActionMask = 2147483647;
			files = (
				C65C77A41810B21D00290B1F /* Git_TestTests.m in Sources */,
			);
			runOnlyForDeploymentPostprocessing = 0;
		};
/* End PBXSourcesBuildPhase section */

/* Begin PBXTargetDependency section */
		C65C779C1810B21D00290B1F /* PBXTargetDependency */ = {
			isa = PBXTargetDependency;
			target = C65C77741810B21D00290B1F /* Git Test */;
			targetProxy = C65C779B1810B21D00290B1F /* PBXContainerItemProxy */;
		};
/* End PBXTargetDependency section */

/* Begin PBXVariantGroup section */
		C65C77811810B21D00290B1F /* InfoPlist.strings */ = {
			isa = PBXVariantGroup;
			children = (
				C65C77821810B21D00290B1F /* en */,
			);
			name = InfoPlist.strings;
			sourceTree = "<group>";
		};
		C65C778A1810B21D00290B1F /* Main.storyboard */ = {
			isa = PBXVariantGroup;
			children = (
				C65C778B1810B21D00290B1F /* Base */,
			);
			name = Main.storyboard;
			sourceTree = "<group>";
		};
		C65C77A01810B21D00290B1F /* InfoPlist.strings */ = {
			isa = PBXVariantGroup;
			children = (
				C65C77A11810B21D00290B1F /* en */,
			);
			name = InfoPlist.strings;
			sourceTree = "<group>";
		};
/* End PBXVariantGroup section */

/* Begin XCBuildConfiguration section */
		C65C77A51810B21D00290B1F /* Debug */ = {
			isa = XCBuildConfiguration;
			buildSettings = {
				ALWAYS_SEARCH_USER_PATHS = NO;
				ARCHS = "$(ARCHS_STANDARD_INCLUDING_64_BIT)";
				CLANG_CXX_LANGUAGE_STANDARD = "gnu++0x";
				CLANG_CXX_LIBRARY = "libc++";
				CLANG_ENABLE_MODULES = YES;
				CLANG_ENABLE_OBJC_ARC = YES;
				CLANG_WARN_BOOL_CONVERSION = YES;
				CLANG_WARN_CONSTANT_CONVERSION = YES;
				CLANG_WARN_DIRECT_OBJC_ISA_USAGE = YES_ERROR;
				CLANG_WARN_EMPTY_BODY = YES;
				CLANG_WARN_ENUM_CONVERSION = YES;
				CLANG_WARN_INT_CONVERSION = YES;
				CLANG_WARN_OBJC_ROOT_CLASS = YES_ERROR;
				CLANG_WARN__DUPLICATE_METHOD_MATCH = YES;
				"CODE_SIGN_IDENTITY[sdk=iphoneos*]" = "iPhone Developer";
				COPY_PHASE_STRIP = NO;
				GCC_C_LANGUAGE_STANDARD = gnu99;
				GCC_DYNAMIC_NO_PIC = NO;
				GCC_OPTIMIZATION_LEVEL = 0;
				GCC_PREPROCESSOR_DEFINITIONS = (
					"DEBUG=1",
					"$(inherited)",
				);
				GCC_SYMBOLS_PRIVATE_EXTERN = NO;
				GCC_WARN_64_TO_32_BIT_CONVERSION = YES;
				GCC_WARN_ABOUT_RETURN_TYPE = YES_ERROR;
				GCC_WARN_UNDECLARED_SELECTOR = YES;
				GCC_WARN_UNINITIALIZED_AUTOS = YES;
				GCC_WARN_UNUSED_FUNCTION = YES;
				GCC_WARN_UNUSED_VARIABLE = YES;
				IPHONEOS_DEPLOYMENT_TARGET = 7.0;
				ONLY_ACTIVE_ARCH = YES;
				SDKROOT = iphoneos;
			};
			name = Debug;
		};
		C65C77A61810B21D00290B1F /* Release */ = {
			isa = XCBuildConfiguration;
			buildSettings = {
				ALWAYS_SEARCH_USER_PATHS = NO;
				ARCHS = "$(ARCHS_STANDARD_INCLUDING_64_BIT)";
				CLANG_CXX_LANGUAGE_STANDARD = "gnu++0x";
				CLANG_CXX_LIBRARY = "libc++";
				CLANG_ENABLE_MODULES = YES;
				CLANG_ENABLE_OBJC_ARC = YES;
				CLANG_WARN_BOOL_CONVERSION = YES;
				CLANG_WARN_CONSTANT_CONVERSION = YES;
				CLANG_WARN_DIRECT_OBJC_ISA_USAGE = YES_ERROR;
				CLANG_WARN_EMPTY_BODY = YES;
				CLANG_WARN_ENUM_CONVERSION = YES;
				CLANG_WARN_INT_CONVERSION = YES;
				CLANG_WARN_OBJC_ROOT_CLASS = YES_ERROR;
				CLANG_WARN__DUPLICATE_METHOD_MATCH = YES;
				"CODE_SIGN_IDENTITY[sdk=iphoneos*]" = "iPhone Developer";
				COPY_PHASE_STRIP = YES;
				ENABLE_NS_ASSERTIONS = NO;
				GCC_C_LANGUAGE_STANDARD = gnu99;
				GCC_WARN_64_TO_32_BIT_CONVERSION = YES;
				GCC_WARN_ABOUT_RETURN_TYPE = YES_ERROR;
				GCC_WARN_UNDECLARED_SELECTOR = YES;
				GCC_WARN_UNINITIALIZED_AUTOS = YES;
				GCC_WARN_UNUSED_FUNCTION = YES;
				GCC_WARN_UNUSED_VARIABLE = YES;
				IPHONEOS_DEPLOYMENT_TARGET = 7.0;
				SDKROOT = iphoneos;
				VALIDATE_PRODUCT = YES;
			};
			name = Release;
		};
		C65C77A81810B21D00290B1F /* Debug */ = {
			isa = XCBuildConfiguration;
			buildSettings = {
				ASSETCATALOG_COMPILER_APPICON_NAME = AppIcon;
				ASSETCATALOG_COMPILER_LAUNCHIMAGE_NAME = LaunchImage;
				GCC_PRECOMPILE_PREFIX_HEADER = YES;
				GCC_PREFIX_HEADER = "Git Test/Git Test-Prefix.pch";
				INFOPLIST_FILE = "Git Test/Git Test-Info.plist";
				PRODUCT_NAME = "$(TARGET_NAME)";
				WRAPPER_EXTENSION = app;
			};
			name = Debug;
		};
		C65C77A91810B21D00290B1F /* Release */ = {
			isa = XCBuildConfiguration;
			buildSettings = {
				ASSETCATALOG_COMPILER_APPICON_NAME = AppIcon;
				ASSETCATALOG_COMPILER_LAUNCHIMAGE_NAME = LaunchImage;
				GCC_PRECOMPILE_PREFIX_HEADER = YES;
				GCC_PREFIX_HEADER = "Git Test/Git Test-Prefix.pch";
				INFOPLIST_FILE = "Git Test/Git Test-Info.plist";
				PRODUCT_NAME = "$(TARGET_NAME)";
				WRAPPER_EXTENSION = app;
			};
			name = Release;
		};
		C65C77AB1810B21D00290B1F /* Debug */ = {
			isa = XCBuildConfiguration;
			buildSettings = {
				ARCHS = "$(ARCHS_STANDARD_INCLUDING_64_BIT)";
				BUNDLE_LOADER = "$(BUILT_PRODUCTS_DIR)/Git Test.app/Git Test";
				FRAMEWORK_SEARCH_PATHS = (
					"$(SDKROOT)/Developer/Library/Frameworks",
					"$(inherited)",
					"$(DEVELOPER_FRAMEWORKS_DIR)",
				);
				GCC_PRECOMPILE_PREFIX_HEADER = YES;
				GCC_PREFIX_HEADER = "Git Test/Git Test-Prefix.pch";
				GCC_PREPROCESSOR_DEFINITIONS = (
					"DEBUG=1",
					"$(inherited)",
				);
				INFOPLIST_FILE = "Git TestTests/Git TestTests-Info.plist";
				PRODUCT_NAME = "$(TARGET_NAME)";
				TEST_HOST = "$(BUNDLE_LOADER)";
				WRAPPER_EXTENSION = xctest;
			};
			name = Debug;
		};
		C65C77AC1810B21D00290B1F /* Release */ = {
			isa = XCBuildConfiguration;
			buildSettings = {
				ARCHS = "$(ARCHS_STANDARD_INCLUDING_64_BIT)";
				BUNDLE_LOADER = "$(BUILT_PRODUCTS_DIR)/Git Test.app/Git Test";
				FRAMEWORK_SEARCH_PATHS = (
					"$(SDKROOT)/Developer/Library/Frameworks",
					"$(inherited)",
					"$(DEVELOPER_FRAMEWORKS_DIR)",
				);
				GCC_PRECOMPILE_PREFIX_HEADER = YES;
				GCC_PREFIX_HEADER = "Git Test/Git Test-Prefix.pch";
				INFOPLIST_FILE = "Git TestTests/Git TestTests-Info.plist";
				PRODUCT_NAME = "$(TARGET_NAME)";
				TEST_HOST = "$(BUNDLE_LOADER)";
				WRAPPER_EXTENSION = xctest;
			};
			name = Release;
		};
/* End XCBuildConfiguration section */

/* Begin XCConfigurationList section */
		C65C77701810B21D00290B1F /* Build configuration list for PBXProject "Git Test" */ = {
			isa = XCConfigurationList;
			buildConfigurations = (
				C65C77A51810B21D00290B1F /* Debug */,
				C65C77A61810B21D00290B1F /* Release */,
			);
			defaultConfigurationIsVisible = 0;
			defaultConfigurationName = Release;
		};
		C65C77A71810B21D00290B1F /* Build configuration list for PBXNativeTarget "Git Test" */ = {
			isa = XCConfigurationList;
			buildConfigurations = (
				C65C77A81810B21D00290B1F /* Debug */,
				C65C77A91810B21D00290B1F /* Release */,
			);
			defaultConfigurationIsVisible = 0;
		};
		C65C77AA1810B21D00290B1F /* Build configuration list for PBXNativeTarget "Git TestTests" */ = {
			isa = XCConfigurationList;
			buildConfigurations = (
				C65C77AB1810B21D00290B1F /* Debug */,
				C65C77AC1810B21D00290B1F /* Release */,
			);
			defaultConfigurationIsVisible = 0;
		};
/* End XCConfigurationList section */
	};
	rootObject = C65C776D1810B21D00290B1F /* Project object */;
}
